# This file is generated by running "yarn install" inside your project.
# Manual changes might be lost - proceed with caution!

__metadata:
  version: 6
  cacheKey: 8

"@hookform/error-message@npm:^2.0.1":
  version: 2.0.1
  resolution: "@hookform/error-message@npm:2.0.1"
  peerDependencies:
    react: ">=16.8.0"
    react-dom: ">=16.8.0"
    react-hook-form: ^7.0.0
  checksum: eb3c33ab3fd2fe02b9bb1686f3d1ef2504ee2bb4e8e848797e2c68d957e53b1150f5f13946c65e386ed3b6e95e3b3fba29480bab1e0f60c4972e225248c8c68e
  languageName: node
  linkType: hard

"admin-panel@workspace:.":
  version: 0.0.0-use.local
  resolution: "admin-panel@workspace:."
  dependencies:
    "@hookform/error-message": ^2.0.1
  languageName: unknown
  linkType: soft
